// !$*UTF8*$!
{
	archiveVersion = 1;
	classes = {
	};
	objectVersion = 48;
	objects = {

/* Begin PBXBuildFile section */
		391332ED1FAF1B62000AABFA /* AlertHelper.swift in Sources */ = {isa = PBXBuildFile; fileRef = 391332EC1FAF1B62000AABFA /* AlertHelper.swift */; };
		398259F01F9A3067004ED28B /* SignInTextField.swift in Sources */ = {isa = PBXBuildFile; fileRef = 398259EF1F9A3067004ED28B /* SignInTextField.swift */; };
		398259F31F9A3391004ED28B /* Colors.swift in Sources */ = {isa = PBXBuildFile; fileRef = 398259F21F9A3391004ED28B /* Colors.swift */; };
		39B6DC581F9CFE2D005526ED /* GoogleService-Info.plist in Resources */ = {isa = PBXBuildFile; fileRef = 39B6DC571F9CFE2D005526ED /* GoogleService-Info.plist */; };
		39B6DC591F9CFE76005526ED /* GoogleService-Info.plist in Resources */ = {isa = PBXBuildFile; fileRef = 39B6DC571F9CFE2D005526ED /* GoogleService-Info.plist */; };
		39B6DC5A1F9CFE77005526ED /* GoogleService-Info.plist in Resources */ = {isa = PBXBuildFile; fileRef = 39B6DC571F9CFE2D005526ED /* GoogleService-Info.plist */; };
		39B6DC5E1FA68CA4005526ED /* Keys.swift in Sources */ = {isa = PBXBuildFile; fileRef = 39B6DC5D1FA68CA4005526ED /* Keys.swift */; };
		39D5DC351FA7547100BA45C7 /* SignInState.swift in Sources */ = {isa = PBXBuildFile; fileRef = 39D5DC341FA7547100BA45C7 /* SignInState.swift */; };
		39D5DC371FA7567000BA45C7 /* Authentication.swift in Sources */ = {isa = PBXBuildFile; fileRef = 39D5DC361FA7567000BA45C7 /* Authentication.swift */; };
		39D5DC3A1FA7F39A00BA45C7 /* GoogleSignInAction.swift in Sources */ = {isa = PBXBuildFile; fileRef = 39D5DC391FA7F39A00BA45C7 /* GoogleSignInAction.swift */; };
		39D5DC3C1FA804D500BA45C7 /* GoogleSignInSuccess.swift in Sources */ = {isa = PBXBuildFile; fileRef = 39D5DC3B1FA804D500BA45C7 /* GoogleSignInSuccess.swift */; };
		39D5DC3F1FA8067800BA45C7 /* SignInReducer.swift in Sources */ = {isa = PBXBuildFile; fileRef = 39D5DC3E1FA8067800BA45C7 /* SignInReducer.swift */; };
		39EC41E11F9A223300071ED1 /* AppDelegate.swift in Sources */ = {isa = PBXBuildFile; fileRef = 39EC41E01F9A223300071ED1 /* AppDelegate.swift */; };
		39EC41E31F9A223300071ED1 /* SignInViewController.swift in Sources */ = {isa = PBXBuildFile; fileRef = 39EC41E21F9A223300071ED1 /* SignInViewController.swift */; };
		39EC41E61F9A223300071ED1 /* Main.storyboard in Resources */ = {isa = PBXBuildFile; fileRef = 39EC41E41F9A223300071ED1 /* Main.storyboard */; };
		39EC41E91F9A223300071ED1 /* TheSocialNetwork.xcdatamodeld in Sources */ = {isa = PBXBuildFile; fileRef = 39EC41E71F9A223300071ED1 /* TheSocialNetwork.xcdatamodeld */; };
		39EC41EB1F9A223300071ED1 /* Assets.xcassets in Resources */ = {isa = PBXBuildFile; fileRef = 39EC41EA1F9A223300071ED1 /* Assets.xcassets */; };
		39EC41EE1F9A223300071ED1 /* LaunchScreen.storyboard in Resources */ = {isa = PBXBuildFile; fileRef = 39EC41EC1F9A223300071ED1 /* LaunchScreen.storyboard */; };
		39EC41F91F9A223300071ED1 /* TheSocialNetworkTests.swift in Sources */ = {isa = PBXBuildFile; fileRef = 39EC41F81F9A223300071ED1 /* TheSocialNetworkTests.swift */; };
		39EC42041F9A223300071ED1 /* TheSocialNetworkUITests.swift in Sources */ = {isa = PBXBuildFile; fileRef = 39EC42031F9A223300071ED1 /* TheSocialNetworkUITests.swift */; };
		39F69A0A1FA6E60E006426CB /* AppState.swift in Sources */ = {isa = PBXBuildFile; fileRef = 39F69A091FA6E60E006426CB /* AppState.swift */; };
		39F69A0C1FA6E6F9006426CB /* AppReducer.swift in Sources */ = {isa = PBXBuildFile; fileRef = 39F69A0B1FA6E6F9006426CB /* AppReducer.swift */; };
		39F69A0E1FA6E89F006426CB /* AppRouter.swift in Sources */ = {isa = PBXBuildFile; fileRef = 39F69A0D1FA6E89F006426CB /* AppRouter.swift */; };
		39F69A101FA6E8F3006426CB /* RoutingState.swift in Sources */ = {isa = PBXBuildFile; fileRef = 39F69A0F1FA6E8F3006426CB /* RoutingState.swift */; };
		39F69A121FA6ED1B006426CB /* RoutingReducer.swift in Sources */ = {isa = PBXBuildFile; fileRef = 39F69A111FA6ED1B006426CB /* RoutingReducer.swift */; };
		39F69A1D1FA7194E006426CB /* RoutingAction.swift in Sources */ = {isa = PBXBuildFile; fileRef = 39F69A1C1FA7194E006426CB /* RoutingAction.swift */; };
		39F69A201FA722C2006426CB /* UserSearchState.swift in Sources */ = {isa = PBXBuildFile; fileRef = 39F69A1F1FA722C2006426CB /* UserSearchState.swift */; };
		39F69A231FA72327006426CB /* UserSearchReducer.swift in Sources */ = {isa = PBXBuildFile; fileRef = 39F69A221FA72327006426CB /* UserSearchReducer.swift */; };
		39F69A261FA72463006426CB /* LoadUsersAction.swift in Sources */ = {isa = PBXBuildFile; fileRef = 39F69A251FA72463006426CB /* LoadUsersAction.swift */; };
		39F69A281FA724C6006426CB /* FetchUsersAction.swift in Sources */ = {isa = PBXBuildFile; fileRef = 39F69A271FA724C6006426CB /* FetchUsersAction.swift */; };
		39F69A2B1FA72568006426CB /* UserSearch.swift in Sources */ = {isa = PBXBuildFile; fileRef = 39F69A2A1FA72568006426CB /* UserSearch.swift */; };
		39F69A2D1FA7257F006426CB /* ApiClients.swift in Sources */ = {isa = PBXBuildFile; fileRef = 39F69A2C1FA7257F006426CB /* ApiClients.swift */; };
		5280E9D27DCA615E44920BC6 /* CoreText.framework in Frameworks */ = {isa = PBXBuildFile; fileRef = 91F93D97FC99D325DCA1C7FF /* CoreText.framework */; };
		64E04BB2010AE20634C51FDF /* AVFoundation.framework in Frameworks */ = {isa = PBXBuildFile; fileRef = 6D36DF859E7BF4D40B739C16 /* AVFoundation.framework */; };
		68EE3AE676979AC7FAB6BDB0 /* CoreMedia.framework in Frameworks */ = {isa = PBXBuildFile; fileRef = D140A40CB79D835BA2DAC11F /* CoreMedia.framework */; };
		6A63EA0B1F9D4BB800D2D12E /* UserSearch.storyboard in Resources */ = {isa = PBXBuildFile; fileRef = 6A63EA0A1F9D4BB800D2D12E /* UserSearch.storyboard */; };
		6A63EA111F9D53A800D2D12E /* UserSearchTableViewController.swift in Sources */ = {isa = PBXBuildFile; fileRef = 6A63EA101F9D53A800D2D12E /* UserSearchTableViewController.swift */; };
		6A9FF2201F9C59C400E36B14 /* SignUp.storyboard in Resources */ = {isa = PBXBuildFile; fileRef = 6A9FF21F1F9C59C400E36B14 /* SignUp.storyboard */; };
		6AED346A1FAC255200CF3B0E /* SignUpViewController.swift in Sources */ = {isa = PBXBuildFile; fileRef = 6AED34691FAC255200CF3B0E /* SignUpViewController.swift */; };
		6AED346F1FAC2CD800CF3B0E /* SignUpState.swift in Sources */ = {isa = PBXBuildFile; fileRef = 6AED346E1FAC2CD800CF3B0E /* SignUpState.swift */; };
		6AED34711FAC2ED100CF3B0E /* SignUpAction.swift in Sources */ = {isa = PBXBuildFile; fileRef = 6AED34701FAC2ED100CF3B0E /* SignUpAction.swift */; };
		6AED34751FAC3EEC00CF3B0E /* SignUpReducer.swift in Sources */ = {isa = PBXBuildFile; fileRef = 6AED34741FAC3EEC00CF3B0E /* SignUpReducer.swift */; };
		70FA1CC93589AEC5E2E60D1D /* CoreVideo.framework in Frameworks */ = {isa = PBXBuildFile; fileRef = 60E7E9C10653A1156C99E7A0 /* CoreVideo.framework */; };
		754B07CEF535E718FB6B6606 /* CoreTelephony.framework in Frameworks */ = {isa = PBXBuildFile; fileRef = FC0E5CB8576069791AAA54C1 /* CoreTelephony.framework */; };
		832E76699832C1F4FFC7EB16 /* QuartzCore.framework in Frameworks */ = {isa = PBXBuildFile; fileRef = 76F0DC83FC66BC8921ECF239 /* QuartzCore.framework */; };
		BF525D85441663AC7E7AB079 /* Pods_TheSocialNetwork.framework in Frameworks */ = {isa = PBXBuildFile; fileRef = 8930435FC18E799EFD9913DF /* Pods_TheSocialNetwork.framework */; };
		C71267B9834A9C6AF82E6372 /* SystemConfiguration.framework in Frameworks */ = {isa = PBXBuildFile; fileRef = AADEC8AF75C2FEB0834ECCE8 /* SystemConfiguration.framework */; };
		E17BA5F5A4281CC20DFA717C /* AssetsLibrary.framework in Frameworks */ = {isa = PBXBuildFile; fileRef = 9E34406E312ACD1633A4B66B /* AssetsLibrary.framework */; };
		FA0847E461C1E3B28808B68B /* BuddyBuildSDK.framework in Frameworks */ = {isa = PBXBuildFile; fileRef = 8D6296BDD6ACA9A1B5C94D7A /* BuddyBuildSDK.framework */; };
/* End PBXBuildFile section */

/* Begin PBXContainerItemProxy section */
		39EC41F51F9A223300071ED1 /* PBXContainerItemProxy */ = {
			isa = PBXContainerItemProxy;
			containerPortal = 39EC41D51F9A223300071ED1 /* Project object */;
			proxyType = 1;
			remoteGlobalIDString = 39EC41DC1F9A223300071ED1;
			remoteInfo = TheSocialNetwork;
		};
		39EC42001F9A223300071ED1 /* PBXContainerItemProxy */ = {
			isa = PBXContainerItemProxy;
			containerPortal = 39EC41D51F9A223300071ED1 /* Project object */;
			proxyType = 1;
			remoteGlobalIDString = 39EC41DC1F9A223300071ED1;
			remoteInfo = TheSocialNetwork;
		};
/* End PBXContainerItemProxy section */

/* Begin PBXFileReference section */
		1A995245EABB95723F7DA30A /* Pods-TheSocialNetwork.debug.xcconfig */ = {isa = PBXFileReference; includeInIndex = 1; lastKnownFileType = text.xcconfig; name = "Pods-TheSocialNetwork.debug.xcconfig"; path = "Pods/Target Support Files/Pods-TheSocialNetwork/Pods-TheSocialNetwork.debug.xcconfig"; sourceTree = "<group>"; };
		391332EC1FAF1B62000AABFA /* AlertHelper.swift */ = {isa = PBXFileReference; lastKnownFileType = sourcecode.swift; path = AlertHelper.swift; sourceTree = "<group>"; };
		398259EF1F9A3067004ED28B /* SignInTextField.swift */ = {isa = PBXFileReference; lastKnownFileType = sourcecode.swift; path = SignInTextField.swift; sourceTree = "<group>"; };
		398259F21F9A3391004ED28B /* Colors.swift */ = {isa = PBXFileReference; lastKnownFileType = sourcecode.swift; path = Colors.swift; sourceTree = "<group>"; };
		39B6DC571F9CFE2D005526ED /* GoogleService-Info.plist */ = {isa = PBXFileReference; fileEncoding = 4; lastKnownFileType = text.plist.xml; path = "GoogleService-Info.plist"; sourceTree = "<group>"; };
		39B6DC5C1F9D0206005526ED /* TheSocialNetwork-Bridging-Header.h */ = {isa = PBXFileReference; lastKnownFileType = sourcecode.c.h; path = "TheSocialNetwork-Bridging-Header.h"; sourceTree = "<group>"; };
		39B6DC5D1FA68CA4005526ED /* Keys.swift */ = {isa = PBXFileReference; lastKnownFileType = sourcecode.swift; path = Keys.swift; sourceTree = "<group>"; };
		39D5DC341FA7547100BA45C7 /* SignInState.swift */ = {isa = PBXFileReference; lastKnownFileType = sourcecode.swift; path = SignInState.swift; sourceTree = "<group>"; };
		39D5DC361FA7567000BA45C7 /* Authentication.swift */ = {isa = PBXFileReference; lastKnownFileType = sourcecode.swift; path = Authentication.swift; sourceTree = "<group>"; };
		39D5DC391FA7F39A00BA45C7 /* GoogleSignInAction.swift */ = {isa = PBXFileReference; lastKnownFileType = sourcecode.swift; path = GoogleSignInAction.swift; sourceTree = "<group>"; };
		39D5DC3B1FA804D500BA45C7 /* GoogleSignInSuccess.swift */ = {isa = PBXFileReference; lastKnownFileType = sourcecode.swift; path = GoogleSignInSuccess.swift; sourceTree = "<group>"; };
		39D5DC3E1FA8067800BA45C7 /* SignInReducer.swift */ = {isa = PBXFileReference; lastKnownFileType = sourcecode.swift; path = SignInReducer.swift; sourceTree = "<group>"; };
		39EC41DD1F9A223300071ED1 /* TheSocialNetwork.app */ = {isa = PBXFileReference; explicitFileType = wrapper.application; includeInIndex = 0; path = TheSocialNetwork.app; sourceTree = BUILT_PRODUCTS_DIR; };
		39EC41E01F9A223300071ED1 /* AppDelegate.swift */ = {isa = PBXFileReference; lastKnownFileType = sourcecode.swift; path = AppDelegate.swift; sourceTree = "<group>"; };
		39EC41E21F9A223300071ED1 /* SignInViewController.swift */ = {isa = PBXFileReference; lastKnownFileType = sourcecode.swift; path = SignInViewController.swift; sourceTree = "<group>"; };
		39EC41E51F9A223300071ED1 /* Base */ = {isa = PBXFileReference; lastKnownFileType = file.storyboard; name = Base; path = Base.lproj/Main.storyboard; sourceTree = "<group>"; };
		39EC41E81F9A223300071ED1 /* TheSocialNetwork.xcdatamodel */ = {isa = PBXFileReference; lastKnownFileType = wrapper.xcdatamodel; path = TheSocialNetwork.xcdatamodel; sourceTree = "<group>"; };
		39EC41EA1F9A223300071ED1 /* Assets.xcassets */ = {isa = PBXFileReference; lastKnownFileType = folder.assetcatalog; path = Assets.xcassets; sourceTree = "<group>"; };
		39EC41ED1F9A223300071ED1 /* Base */ = {isa = PBXFileReference; lastKnownFileType = file.storyboard; name = Base; path = Base.lproj/LaunchScreen.storyboard; sourceTree = "<group>"; };
		39EC41EF1F9A223300071ED1 /* Info.plist */ = {isa = PBXFileReference; lastKnownFileType = text.plist.xml; path = Info.plist; sourceTree = "<group>"; };
		39EC41F41F9A223300071ED1 /* TheSocialNetworkTests.xctest */ = {isa = PBXFileReference; explicitFileType = wrapper.cfbundle; includeInIndex = 0; path = TheSocialNetworkTests.xctest; sourceTree = BUILT_PRODUCTS_DIR; };
		39EC41F81F9A223300071ED1 /* TheSocialNetworkTests.swift */ = {isa = PBXFileReference; lastKnownFileType = sourcecode.swift; path = TheSocialNetworkTests.swift; sourceTree = "<group>"; };
		39EC41FA1F9A223300071ED1 /* Info.plist */ = {isa = PBXFileReference; lastKnownFileType = text.plist.xml; path = Info.plist; sourceTree = "<group>"; };
		39EC41FF1F9A223300071ED1 /* TheSocialNetworkUITests.xctest */ = {isa = PBXFileReference; explicitFileType = wrapper.cfbundle; includeInIndex = 0; path = TheSocialNetworkUITests.xctest; sourceTree = BUILT_PRODUCTS_DIR; };
		39EC42031F9A223300071ED1 /* TheSocialNetworkUITests.swift */ = {isa = PBXFileReference; lastKnownFileType = sourcecode.swift; path = TheSocialNetworkUITests.swift; sourceTree = "<group>"; };
		39EC42051F9A223300071ED1 /* Info.plist */ = {isa = PBXFileReference; lastKnownFileType = text.plist.xml; path = Info.plist; sourceTree = "<group>"; };
		39F69A091FA6E60E006426CB /* AppState.swift */ = {isa = PBXFileReference; lastKnownFileType = sourcecode.swift; path = AppState.swift; sourceTree = "<group>"; };
		39F69A0B1FA6E6F9006426CB /* AppReducer.swift */ = {isa = PBXFileReference; lastKnownFileType = sourcecode.swift; path = AppReducer.swift; sourceTree = "<group>"; };
		39F69A0D1FA6E89F006426CB /* AppRouter.swift */ = {isa = PBXFileReference; lastKnownFileType = sourcecode.swift; path = AppRouter.swift; sourceTree = "<group>"; };
		39F69A0F1FA6E8F3006426CB /* RoutingState.swift */ = {isa = PBXFileReference; lastKnownFileType = sourcecode.swift; path = RoutingState.swift; sourceTree = "<group>"; };
		39F69A111FA6ED1B006426CB /* RoutingReducer.swift */ = {isa = PBXFileReference; lastKnownFileType = sourcecode.swift; path = RoutingReducer.swift; sourceTree = "<group>"; };
		39F69A1C1FA7194E006426CB /* RoutingAction.swift */ = {isa = PBXFileReference; lastKnownFileType = sourcecode.swift; path = RoutingAction.swift; sourceTree = "<group>"; };
		39F69A1F1FA722C2006426CB /* UserSearchState.swift */ = {isa = PBXFileReference; lastKnownFileType = sourcecode.swift; path = UserSearchState.swift; sourceTree = "<group>"; };
		39F69A221FA72327006426CB /* UserSearchReducer.swift */ = {isa = PBXFileReference; lastKnownFileType = sourcecode.swift; path = UserSearchReducer.swift; sourceTree = "<group>"; };
		39F69A251FA72463006426CB /* LoadUsersAction.swift */ = {isa = PBXFileReference; lastKnownFileType = sourcecode.swift; path = LoadUsersAction.swift; sourceTree = "<group>"; };
		39F69A271FA724C6006426CB /* FetchUsersAction.swift */ = {isa = PBXFileReference; lastKnownFileType = sourcecode.swift; path = FetchUsersAction.swift; sourceTree = "<group>"; };
		39F69A2A1FA72568006426CB /* UserSearch.swift */ = {isa = PBXFileReference; lastKnownFileType = sourcecode.swift; path = UserSearch.swift; sourceTree = "<group>"; };
		39F69A2C1FA7257F006426CB /* ApiClients.swift */ = {isa = PBXFileReference; lastKnownFileType = sourcecode.swift; path = ApiClients.swift; sourceTree = "<group>"; };
		3DD115965926E021CC16B563 /* Pods-TheSocialNetwork.release.xcconfig */ = {isa = PBXFileReference; includeInIndex = 1; lastKnownFileType = text.xcconfig; name = "Pods-TheSocialNetwork.release.xcconfig"; path = "Pods/Target Support Files/Pods-TheSocialNetwork/Pods-TheSocialNetwork.release.xcconfig"; sourceTree = "<group>"; };
		60E7E9C10653A1156C99E7A0 /* CoreVideo.framework */ = {isa = PBXFileReference; lastKnownFileType = wrapper.framework; name = CoreVideo.framework; path = System/Library/Frameworks/CoreVideo.framework; sourceTree = SDKROOT; };
		6A63EA0A1F9D4BB800D2D12E /* UserSearch.storyboard */ = {isa = PBXFileReference; lastKnownFileType = file.storyboard; path = UserSearch.storyboard; sourceTree = "<group>"; };
		6A63EA101F9D53A800D2D12E /* UserSearchTableViewController.swift */ = {isa = PBXFileReference; lastKnownFileType = sourcecode.swift; path = UserSearchTableViewController.swift; sourceTree = "<group>"; };
		6A9FF21F1F9C59C400E36B14 /* SignUp.storyboard */ = {isa = PBXFileReference; lastKnownFileType = file.storyboard; path = SignUp.storyboard; sourceTree = "<group>"; };
		6AED34691FAC255200CF3B0E /* SignUpViewController.swift */ = {isa = PBXFileReference; lastKnownFileType = sourcecode.swift; path = SignUpViewController.swift; sourceTree = "<group>"; };
		6AED346E1FAC2CD800CF3B0E /* SignUpState.swift */ = {isa = PBXFileReference; lastKnownFileType = sourcecode.swift; path = SignUpState.swift; sourceTree = "<group>"; };
		6AED34701FAC2ED100CF3B0E /* SignUpAction.swift */ = {isa = PBXFileReference; lastKnownFileType = sourcecode.swift; path = SignUpAction.swift; sourceTree = "<group>"; };
		6AED34741FAC3EEC00CF3B0E /* SignUpReducer.swift */ = {isa = PBXFileReference; lastKnownFileType = sourcecode.swift; path = SignUpReducer.swift; sourceTree = "<group>"; };
		6D36DF859E7BF4D40B739C16 /* AVFoundation.framework */ = {isa = PBXFileReference; lastKnownFileType = wrapper.framework; name = AVFoundation.framework; path = System/Library/Frameworks/AVFoundation.framework; sourceTree = SDKROOT; };
		76F0DC83FC66BC8921ECF239 /* QuartzCore.framework */ = {isa = PBXFileReference; lastKnownFileType = wrapper.framework; name = QuartzCore.framework; path = System/Library/Frameworks/QuartzCore.framework; sourceTree = SDKROOT; };
		8930435FC18E799EFD9913DF /* Pods_TheSocialNetwork.framework */ = {isa = PBXFileReference; explicitFileType = wrapper.framework; includeInIndex = 0; path = Pods_TheSocialNetwork.framework; sourceTree = BUILT_PRODUCTS_DIR; };
		8D6296BDD6ACA9A1B5C94D7A /* BuddyBuildSDK.framework */ = {isa = PBXFileReference; lastKnownFileType = wrapper.framework; path = BuddyBuildSDK.framework; sourceTree = "<group>"; };
		91F93D97FC99D325DCA1C7FF /* CoreText.framework */ = {isa = PBXFileReference; lastKnownFileType = wrapper.framework; name = CoreText.framework; path = System/Library/Frameworks/CoreText.framework; sourceTree = SDKROOT; };
		9E34406E312ACD1633A4B66B /* AssetsLibrary.framework */ = {isa = PBXFileReference; lastKnownFileType = wrapper.framework; name = AssetsLibrary.framework; path = System/Library/Frameworks/AssetsLibrary.framework; sourceTree = SDKROOT; };
		AADEC8AF75C2FEB0834ECCE8 /* SystemConfiguration.framework */ = {isa = PBXFileReference; lastKnownFileType = wrapper.framework; name = SystemConfiguration.framework; path = System/Library/Frameworks/SystemConfiguration.framework; sourceTree = SDKROOT; };
		D140A40CB79D835BA2DAC11F /* CoreMedia.framework */ = {isa = PBXFileReference; lastKnownFileType = wrapper.framework; name = CoreMedia.framework; path = System/Library/Frameworks/CoreMedia.framework; sourceTree = SDKROOT; };
		FC0E5CB8576069791AAA54C1 /* CoreTelephony.framework */ = {isa = PBXFileReference; lastKnownFileType = wrapper.framework; name = CoreTelephony.framework; path = System/Library/Frameworks/CoreTelephony.framework; sourceTree = SDKROOT; };
/* End PBXFileReference section */

/* Begin PBXFrameworksBuildPhase section */
		39EC41DA1F9A223300071ED1 /* Frameworks */ = {
			isa = PBXFrameworksBuildPhase;
			buildActionMask = 2147483647;
			files = (
				BF525D85441663AC7E7AB079 /* Pods_TheSocialNetwork.framework in Frameworks */,
				FA0847E461C1E3B28808B68B /* BuddyBuildSDK.framework in Frameworks */,
				E17BA5F5A4281CC20DFA717C /* AssetsLibrary.framework in Frameworks */,
				5280E9D27DCA615E44920BC6 /* CoreText.framework in Frameworks */,
				754B07CEF535E718FB6B6606 /* CoreTelephony.framework in Frameworks */,
				C71267B9834A9C6AF82E6372 /* SystemConfiguration.framework in Frameworks */,
				832E76699832C1F4FFC7EB16 /* QuartzCore.framework in Frameworks */,
				64E04BB2010AE20634C51FDF /* AVFoundation.framework in Frameworks */,
				68EE3AE676979AC7FAB6BDB0 /* CoreMedia.framework in Frameworks */,
				70FA1CC93589AEC5E2E60D1D /* CoreVideo.framework in Frameworks */,
			);
			runOnlyForDeploymentPostprocessing = 0;
		};
		39EC41F11F9A223300071ED1 /* Frameworks */ = {
			isa = PBXFrameworksBuildPhase;
			buildActionMask = 2147483647;
			files = (
			);
			runOnlyForDeploymentPostprocessing = 0;
		};
		39EC41FC1F9A223300071ED1 /* Frameworks */ = {
			isa = PBXFrameworksBuildPhase;
			buildActionMask = 2147483647;
			files = (
			);
			runOnlyForDeploymentPostprocessing = 0;
		};
/* End PBXFrameworksBuildPhase section */

/* Begin PBXGroup section */
		391332EB1FAF1B3D000AABFA /* Utils */ = {
			isa = PBXGroup;
			children = (
				391332EC1FAF1B62000AABFA /* AlertHelper.swift */,
			);
			path = Utils;
			sourceTree = "<group>";
		};
		398259EE1F9A3022004ED28B /* ViewControllers */ = {
			isa = PBXGroup;
			children = (
				39D5DC2C1FA7518B00BA45C7 /* UserSearch */,
				39F69A191FA71858006426CB /* Routing */,
				39915F451F9C11CD00861A37 /* Authentication */,
			);
			path = ViewControllers;
			sourceTree = "<group>";
		};
		398259F11F9A337A004ED28B /* Constants */ = {
			isa = PBXGroup;
			children = (
				398259F21F9A3391004ED28B /* Colors.swift */,
				39B6DC5D1FA68CA4005526ED /* Keys.swift */,
			);
			path = Constants;
			sourceTree = "<group>";
		};
		39915F451F9C11CD00861A37 /* Authentication */ = {
			isa = PBXGroup;
			children = (
				39EC41E21F9A223300071ED1 /* SignInViewController.swift */,
				6AED34691FAC255200CF3B0E /* SignUpViewController.swift */,
			);
			path = Authentication;
			sourceTree = "<group>";
		};
		39D5DC2C1FA7518B00BA45C7 /* UserSearch */ = {
			isa = PBXGroup;
			children = (
				6A63EA101F9D53A800D2D12E /* UserSearchTableViewController.swift */,
			);
			path = UserSearch;
			sourceTree = "<group>";
		};
		39D5DC2D1FA7526800BA45C7 /* Views */ = {
			isa = PBXGroup;
			children = (
				39D5DC301FA752A200BA45C7 /* Registration */,
				39D5DC2F1FA7529700BA45C7 /* UserSearch */,
				39D5DC2E1FA7526E00BA45C7 /* SignIn */,
			);
			path = Views;
			sourceTree = "<group>";
		};
		39D5DC2E1FA7526E00BA45C7 /* SignIn */ = {
			isa = PBXGroup;
			children = (
				398259EF1F9A3067004ED28B /* SignInTextField.swift */,
			);
			path = SignIn;
			sourceTree = "<group>";
		};
		39D5DC2F1FA7529700BA45C7 /* UserSearch */ = {
			isa = PBXGroup;
			children = (
				6A63EA0A1F9D4BB800D2D12E /* UserSearch.storyboard */,
			);
			path = UserSearch;
			sourceTree = "<group>";
		};
		39D5DC301FA752A200BA45C7 /* Registration */ = {
			isa = PBXGroup;
			children = (
				6A9FF21F1F9C59C400E36B14 /* SignUp.storyboard */,
			);
			path = Registration;
			sourceTree = "<group>";
		};
		39D5DC331FA7546400BA45C7 /* SignIn */ = {
			isa = PBXGroup;
			children = (
				39D5DC341FA7547100BA45C7 /* SignInState.swift */,
			);
			path = SignIn;
			sourceTree = "<group>";
		};
		39D5DC381FA7F38000BA45C7 /* SignIn */ = {
			isa = PBXGroup;
			children = (
				39D5DC391FA7F39A00BA45C7 /* GoogleSignInAction.swift */,
				39D5DC3B1FA804D500BA45C7 /* GoogleSignInSuccess.swift */,
			);
			path = SignIn;
			sourceTree = "<group>";
		};
		39D5DC3D1FA8066D00BA45C7 /* SignIn */ = {
			isa = PBXGroup;
			children = (
				39D5DC3E1FA8067800BA45C7 /* SignInReducer.swift */,
			);
			path = SignIn;
			sourceTree = "<group>";
		};
		39EC41D41F9A223300071ED1 = {
			isa = PBXGroup;
			children = (
				39B6DC5C1F9D0206005526ED /* TheSocialNetwork-Bridging-Header.h */,
				39EC41DF1F9A223300071ED1 /* TheSocialNetwork */,
				39EC41F71F9A223300071ED1 /* TheSocialNetworkTests */,
				39EC42021F9A223300071ED1 /* TheSocialNetworkUITests */,
				39EC41DE1F9A223300071ED1 /* Products */,
				D32BCBDEEFFB1CC705047708 /* Pods */,
				9A72DD22FA0FFADCF92FC855 /* Frameworks */,
			);
			sourceTree = "<group>";
		};
		39EC41DE1F9A223300071ED1 /* Products */ = {
			isa = PBXGroup;
			children = (
				39EC41DD1F9A223300071ED1 /* TheSocialNetwork.app */,
				39EC41F41F9A223300071ED1 /* TheSocialNetworkTests.xctest */,
				39EC41FF1F9A223300071ED1 /* TheSocialNetworkUITests.xctest */,
			);
			name = Products;
			sourceTree = "<group>";
		};
		39EC41DF1F9A223300071ED1 /* TheSocialNetwork */ = {
			isa = PBXGroup;
			children = (
				391332EB1FAF1B3D000AABFA /* Utils */,
				39D5DC2D1FA7526800BA45C7 /* Views */,
				39F69A291FA72553006426CB /* ApiClients */,
				39F69A1A1FA7193A006426CB /* Actions */,
				39F69A141FA717BF006426CB /* Reducers */,
				39F69A131FA717B5006426CB /* State */,
				39B6DC571F9CFE2D005526ED /* GoogleService-Info.plist */,
				398259F11F9A337A004ED28B /* Constants */,
				398259EE1F9A3022004ED28B /* ViewControllers */,
				39EC41E01F9A223300071ED1 /* AppDelegate.swift */,
				39EC41E41F9A223300071ED1 /* Main.storyboard */,
				39EC41EA1F9A223300071ED1 /* Assets.xcassets */,
				39EC41EC1F9A223300071ED1 /* LaunchScreen.storyboard */,
				39EC41EF1F9A223300071ED1 /* Info.plist */,
				39EC41E71F9A223300071ED1 /* TheSocialNetwork.xcdatamodeld */,
			);
			path = TheSocialNetwork;
			sourceTree = "<group>";
		};
		39EC41F71F9A223300071ED1 /* TheSocialNetworkTests */ = {
			isa = PBXGroup;
			children = (
				39EC41F81F9A223300071ED1 /* TheSocialNetworkTests.swift */,
				39EC41FA1F9A223300071ED1 /* Info.plist */,
			);
			path = TheSocialNetworkTests;
			sourceTree = "<group>";
		};
		39EC42021F9A223300071ED1 /* TheSocialNetworkUITests */ = {
			isa = PBXGroup;
			children = (
				39EC42031F9A223300071ED1 /* TheSocialNetworkUITests.swift */,
				39EC42051F9A223300071ED1 /* Info.plist */,
			);
			path = TheSocialNetworkUITests;
			sourceTree = "<group>";
		};
		39F69A131FA717B5006426CB /* State */ = {
			isa = PBXGroup;
			children = (
				6AED346B1FAC2BEE00CF3B0E /* SignUp */,
				39D5DC331FA7546400BA45C7 /* SignIn */,
				39F69A1E1FA722AF006426CB /* UserSearch */,
				39F69A181FA71821006426CB /* Routing */,
				39F69A091FA6E60E006426CB /* AppState.swift */,
			);
			path = State;
			sourceTree = "<group>";
		};
		39F69A141FA717BF006426CB /* Reducers */ = {
			isa = PBXGroup;
			children = (
				6AED346D1FAC2C0200CF3B0E /* SignUp */,
				39D5DC3D1FA8066D00BA45C7 /* SignIn */,
				39F69A211FA7230D006426CB /* UserSearch */,
				39F69A151FA717D7006426CB /* Routing */,
				39F69A0B1FA6E6F9006426CB /* AppReducer.swift */,
			);
			path = Reducers;
			sourceTree = "<group>";
		};
		39F69A151FA717D7006426CB /* Routing */ = {
			isa = PBXGroup;
			children = (
				39F69A111FA6ED1B006426CB /* RoutingReducer.swift */,
			);
			path = Routing;
			sourceTree = "<group>";
		};
		39F69A181FA71821006426CB /* Routing */ = {
			isa = PBXGroup;
			children = (
				39F69A0F1FA6E8F3006426CB /* RoutingState.swift */,
			);
			path = Routing;
			sourceTree = "<group>";
		};
		39F69A191FA71858006426CB /* Routing */ = {
			isa = PBXGroup;
			children = (
				39F69A0D1FA6E89F006426CB /* AppRouter.swift */,
			);
			path = Routing;
			sourceTree = "<group>";
		};
		39F69A1A1FA7193A006426CB /* Actions */ = {
			isa = PBXGroup;
			children = (
				6AED346C1FAC2BF800CF3B0E /* SignUp */,
				39D5DC381FA7F38000BA45C7 /* SignIn */,
				39F69A241FA7242F006426CB /* UserSearch */,
				39F69A1B1FA7193F006426CB /* Routing */,
			);
			path = Actions;
			sourceTree = "<group>";
		};
		39F69A1B1FA7193F006426CB /* Routing */ = {
			isa = PBXGroup;
			children = (
				39F69A1C1FA7194E006426CB /* RoutingAction.swift */,
			);
			path = Routing;
			sourceTree = "<group>";
		};
		39F69A1E1FA722AF006426CB /* UserSearch */ = {
			isa = PBXGroup;
			children = (
				39F69A1F1FA722C2006426CB /* UserSearchState.swift */,
			);
			path = UserSearch;
			sourceTree = "<group>";
		};
		39F69A211FA7230D006426CB /* UserSearch */ = {
			isa = PBXGroup;
			children = (
				39F69A221FA72327006426CB /* UserSearchReducer.swift */,
			);
			path = UserSearch;
			sourceTree = "<group>";
		};
		39F69A241FA7242F006426CB /* UserSearch */ = {
			isa = PBXGroup;
			children = (
				39F69A251FA72463006426CB /* LoadUsersAction.swift */,
				39F69A271FA724C6006426CB /* FetchUsersAction.swift */,
			);
			path = UserSearch;
			sourceTree = "<group>";
		};
		39F69A291FA72553006426CB /* ApiClients */ = {
			isa = PBXGroup;
			children = (
				39F69A2A1FA72568006426CB /* UserSearch.swift */,
				39F69A2C1FA7257F006426CB /* ApiClients.swift */,
				39D5DC361FA7567000BA45C7 /* Authentication.swift */,
			);
			path = ApiClients;
			sourceTree = "<group>";
		};
		6AED346B1FAC2BEE00CF3B0E /* SignUp */ = {
			isa = PBXGroup;
			children = (
				6AED346E1FAC2CD800CF3B0E /* SignUpState.swift */,
			);
			path = SignUp;
			sourceTree = "<group>";
		};
		6AED346C1FAC2BF800CF3B0E /* SignUp */ = {
			isa = PBXGroup;
			children = (
				6AED34701FAC2ED100CF3B0E /* SignUpAction.swift */,
			);
			path = SignUp;
			sourceTree = "<group>";
		};
		6AED346D1FAC2C0200CF3B0E /* SignUp */ = {
			isa = PBXGroup;
			children = (
				6AED34741FAC3EEC00CF3B0E /* SignUpReducer.swift */,
			);
			path = SignUp;
			sourceTree = "<group>";
		};
		9A72DD22FA0FFADCF92FC855 /* Frameworks */ = {
			isa = PBXGroup;
			children = (
				8930435FC18E799EFD9913DF /* Pods_TheSocialNetwork.framework */,
				8D6296BDD6ACA9A1B5C94D7A /* BuddyBuildSDK.framework */,
				9E34406E312ACD1633A4B66B /* AssetsLibrary.framework */,
				91F93D97FC99D325DCA1C7FF /* CoreText.framework */,
				FC0E5CB8576069791AAA54C1 /* CoreTelephony.framework */,
				AADEC8AF75C2FEB0834ECCE8 /* SystemConfiguration.framework */,
				76F0DC83FC66BC8921ECF239 /* QuartzCore.framework */,
				6D36DF859E7BF4D40B739C16 /* AVFoundation.framework */,
				D140A40CB79D835BA2DAC11F /* CoreMedia.framework */,
				60E7E9C10653A1156C99E7A0 /* CoreVideo.framework */,
			);
			name = Frameworks;
			sourceTree = "<group>";
		};
		D32BCBDEEFFB1CC705047708 /* Pods */ = {
			isa = PBXGroup;
			children = (
				1A995245EABB95723F7DA30A /* Pods-TheSocialNetwork.debug.xcconfig */,
				3DD115965926E021CC16B563 /* Pods-TheSocialNetwork.release.xcconfig */,
			);
			name = Pods;
			sourceTree = "<group>";
		};
/* End PBXGroup section */

/* Begin PBXNativeTarget section */
		39EC41DC1F9A223300071ED1 /* TheSocialNetwork */ = {
			isa = PBXNativeTarget;
			buildConfigurationList = 39EC42081F9A223300071ED1 /* Build configuration list for PBXNativeTarget "TheSocialNetwork" */;
			buildPhases = (
				4B3CD9F57072AB2AF48CE058 /* [CP] Check Pods Manifest.lock */,
				39EC41D91F9A223300071ED1 /* Sources */,
				39EC41DA1F9A223300071ED1 /* Frameworks */,
				39EC41DB1F9A223300071ED1 /* Resources */,
				341B1AB541BBD61133730972 /* [CP] Embed Pods Frameworks */,
				E0B423520CE393286D92F3F6 /* [CP] Copy Pods Resources */,
				39915F481F9C3A6200861A37 /* ShellScript */,
				391FB5971FAFBFF600F73C71 /* ShellScript */,
			);
			buildRules = (
			);
			dependencies = (
			);
			name = TheSocialNetwork;
			productName = TheSocialNetwork;
			productReference = 39EC41DD1F9A223300071ED1 /* TheSocialNetwork.app */;
			productType = "com.apple.product-type.application";
		};
		39EC41F31F9A223300071ED1 /* TheSocialNetworkTests */ = {
			isa = PBXNativeTarget;
			buildConfigurationList = 39EC420B1F9A223300071ED1 /* Build configuration list for PBXNativeTarget "TheSocialNetworkTests" */;
			buildPhases = (
				39EC41F01F9A223300071ED1 /* Sources */,
				39EC41F11F9A223300071ED1 /* Frameworks */,
				39EC41F21F9A223300071ED1 /* Resources */,
			);
			buildRules = (
			);
			dependencies = (
				39EC41F61F9A223300071ED1 /* PBXTargetDependency */,
			);
			name = TheSocialNetworkTests;
			productName = TheSocialNetworkTests;
			productReference = 39EC41F41F9A223300071ED1 /* TheSocialNetworkTests.xctest */;
			productType = "com.apple.product-type.bundle.unit-test";
		};
		39EC41FE1F9A223300071ED1 /* TheSocialNetworkUITests */ = {
			isa = PBXNativeTarget;
			buildConfigurationList = 39EC420E1F9A223300071ED1 /* Build configuration list for PBXNativeTarget "TheSocialNetworkUITests" */;
			buildPhases = (
				39EC41FB1F9A223300071ED1 /* Sources */,
				39EC41FC1F9A223300071ED1 /* Frameworks */,
				39EC41FD1F9A223300071ED1 /* Resources */,
			);
			buildRules = (
			);
			dependencies = (
				39EC42011F9A223300071ED1 /* PBXTargetDependency */,
			);
			name = TheSocialNetworkUITests;
			productName = TheSocialNetworkUITests;
			productReference = 39EC41FF1F9A223300071ED1 /* TheSocialNetworkUITests.xctest */;
			productType = "com.apple.product-type.bundle.ui-testing";
		};
/* End PBXNativeTarget section */

/* Begin PBXProject section */
		39EC41D51F9A223300071ED1 /* Project object */ = {
			isa = PBXProject;
			attributes = {
				LastSwiftUpdateCheck = 0900;
				LastUpgradeCheck = 0900;
				ORGANIZATIONNAME = Pr0At1t;
				TargetAttributes = {
					39EC41DC1F9A223300071ED1 = {
						CreatedOnToolsVersion = 9.0.1;
						ProvisioningStyle = Automatic;
					};
					39EC41F31F9A223300071ED1 = {
						CreatedOnToolsVersion = 9.0.1;
						ProvisioningStyle = Automatic;
						TestTargetID = 39EC41DC1F9A223300071ED1;
					};
					39EC41FE1F9A223300071ED1 = {
						CreatedOnToolsVersion = 9.0.1;
						ProvisioningStyle = Automatic;
						TestTargetID = 39EC41DC1F9A223300071ED1;
					};
				};
			};
			buildConfigurationList = 39EC41D81F9A223300071ED1 /* Build configuration list for PBXProject "TheSocialNetwork" */;
			compatibilityVersion = "Xcode 8.0";
			developmentRegion = en;
			hasScannedForEncodings = 0;
			knownRegions = (
				en,
				Base,
			);
			mainGroup = 39EC41D41F9A223300071ED1;
			productRefGroup = 39EC41DE1F9A223300071ED1 /* Products */;
			projectDirPath = "";
			projectRoot = "";
			targets = (
				39EC41DC1F9A223300071ED1 /* TheSocialNetwork */,
				39EC41F31F9A223300071ED1 /* TheSocialNetworkTests */,
				39EC41FE1F9A223300071ED1 /* TheSocialNetworkUITests */,
			);
		};
/* End PBXProject section */

/* Begin PBXResourcesBuildPhase section */
		39EC41DB1F9A223300071ED1 /* Resources */ = {
			isa = PBXResourcesBuildPhase;
			buildActionMask = 2147483647;
			files = (
				39EC41EE1F9A223300071ED1 /* LaunchScreen.storyboard in Resources */,
				39EC41EB1F9A223300071ED1 /* Assets.xcassets in Resources */,
				39B6DC581F9CFE2D005526ED /* GoogleService-Info.plist in Resources */,
				6A9FF2201F9C59C400E36B14 /* SignUp.storyboard in Resources */,
				39EC41E61F9A223300071ED1 /* Main.storyboard in Resources */,
				6A63EA0B1F9D4BB800D2D12E /* UserSearch.storyboard in Resources */,
			);
			runOnlyForDeploymentPostprocessing = 0;
		};
		39EC41F21F9A223300071ED1 /* Resources */ = {
			isa = PBXResourcesBuildPhase;
			buildActionMask = 2147483647;
			files = (
				39B6DC591F9CFE76005526ED /* GoogleService-Info.plist in Resources */,
			);
			runOnlyForDeploymentPostprocessing = 0;
		};
		39EC41FD1F9A223300071ED1 /* Resources */ = {
			isa = PBXResourcesBuildPhase;
			buildActionMask = 2147483647;
			files = (
				39B6DC5A1F9CFE77005526ED /* GoogleService-Info.plist in Resources */,
			);
			runOnlyForDeploymentPostprocessing = 0;
		};
/* End PBXResourcesBuildPhase section */

/* Begin PBXShellScriptBuildPhase section */
		341B1AB541BBD61133730972 /* [CP] Embed Pods Frameworks */ = {
			isa = PBXShellScriptBuildPhase;
			buildActionMask = 2147483647;
			files = (
			);
			inputPaths = (
				"${SRCROOT}/Pods/Target Support Files/Pods-TheSocialNetwork/Pods-TheSocialNetwork-frameworks.sh",
				"${BUILT_PRODUCTS_DIR}/Alamofire/Alamofire.framework",
				"${BUILT_PRODUCTS_DIR}/GTMOAuth2/GTMOAuth2.framework",
				"${BUILT_PRODUCTS_DIR}/GTMSessionFetcher/GTMSessionFetcher.framework",
				"${BUILT_PRODUCTS_DIR}/GoogleToolboxForMac/GoogleToolboxForMac.framework",
				"${BUILT_PRODUCTS_DIR}/ReSwift/ReSwift.framework",
				"${BUILT_PRODUCTS_DIR}/SwiftyJSON/SwiftyJSON.framework",
			);
			name = "[CP] Embed Pods Frameworks";
			outputPaths = (
				"${TARGET_BUILD_DIR}/${FRAMEWORKS_FOLDER_PATH}/Alamofire.framework",
				"${TARGET_BUILD_DIR}/${FRAMEWORKS_FOLDER_PATH}/GTMOAuth2.framework",
				"${TARGET_BUILD_DIR}/${FRAMEWORKS_FOLDER_PATH}/GTMSessionFetcher.framework",
				"${TARGET_BUILD_DIR}/${FRAMEWORKS_FOLDER_PATH}/GoogleToolboxForMac.framework",
				"${TARGET_BUILD_DIR}/${FRAMEWORKS_FOLDER_PATH}/ReSwift.framework",
				"${TARGET_BUILD_DIR}/${FRAMEWORKS_FOLDER_PATH}/SwiftyJSON.framework",
			);
			runOnlyForDeploymentPostprocessing = 0;
			shellPath = /bin/sh;
			shellScript = "\"${SRCROOT}/Pods/Target Support Files/Pods-TheSocialNetwork/Pods-TheSocialNetwork-frameworks.sh\"\n";
			showEnvVarsInLog = 0;
		};
		391FB5971FAFBFF600F73C71 /* ShellScript */ = {
			isa = PBXShellScriptBuildPhase;
			buildActionMask = 2147483647;
			files = (
			);
			inputPaths = (
			);
			outputPaths = (
			);
			runOnlyForDeploymentPostprocessing = 0;
			shellPath = /bin/sh;
			shellScript = "if [ \"$CONFIGURATION\" == \"Debug\" ]; then\n    echo -n ${TARGET_BUILD_DIR}/${INFOPLIST_PATH} | xargs -0 /usr/libexec/PlistBuddy -c \"Set :DevServerIP `ipconfig getifaddr en0`\"\nelse\n    echo -n ${TARGET_BUILD_DIR}/${INFOPLIST_PATH} | xargs -0 /usr/libexec/PlistBuddy -c \"Delete :DevServerIP\"\nfi";
		};
		39915F481F9C3A6200861A37 /* ShellScript */ = {
			isa = PBXShellScriptBuildPhase;
			buildActionMask = 2147483647;
			files = (
			);
			inputPaths = (
			);
			outputPaths = (
			);
			runOnlyForDeploymentPostprocessing = 0;
			shellPath = /bin/sh;
			shellScript = "${PODS_ROOT}/SwiftLint/swiftlint";
		};
		4B3CD9F57072AB2AF48CE058 /* [CP] Check Pods Manifest.lock */ = {
			isa = PBXShellScriptBuildPhase;
			buildActionMask = 2147483647;
			files = (
			);
			inputPaths = (
				"${PODS_PODFILE_DIR_PATH}/Podfile.lock",
				"${PODS_ROOT}/Manifest.lock",
			);
			name = "[CP] Check Pods Manifest.lock";
			outputPaths = (
				"$(DERIVED_FILE_DIR)/Pods-TheSocialNetwork-checkManifestLockResult.txt",
			);
			runOnlyForDeploymentPostprocessing = 0;
			shellPath = /bin/sh;
			shellScript = "diff \"${PODS_PODFILE_DIR_PATH}/Podfile.lock\" \"${PODS_ROOT}/Manifest.lock\" > /dev/null\nif [ $? != 0 ] ; then\n    # print error to STDERR\n    echo \"error: The sandbox is not in sync with the Podfile.lock. Run 'pod install' or update your CocoaPods installation.\" >&2\n    exit 1\nfi\n# This output is used by Xcode 'outputs' to avoid re-running this script phase.\necho \"SUCCESS\" > \"${SCRIPT_OUTPUT_FILE_0}\"\n";
			showEnvVarsInLog = 0;
		};
		E0B423520CE393286D92F3F6 /* [CP] Copy Pods Resources */ = {
			isa = PBXShellScriptBuildPhase;
			buildActionMask = 2147483647;
			files = (
			);
			inputPaths = (
				"${SRCROOT}/Pods/Target Support Files/Pods-TheSocialNetwork/Pods-TheSocialNetwork-resources.sh",
				"${PODS_ROOT}/GoogleSignIn/Resources/GoogleSignIn.bundle",
			);
			name = "[CP] Copy Pods Resources";
			outputPaths = (
				"${TARGET_BUILD_DIR}/${UNLOCALIZED_RESOURCES_FOLDER_PATH}",
			);
			runOnlyForDeploymentPostprocessing = 0;
			shellPath = /bin/sh;
			shellScript = "\"${SRCROOT}/Pods/Target Support Files/Pods-TheSocialNetwork/Pods-TheSocialNetwork-resources.sh\"\n";
			showEnvVarsInLog = 0;
		};
/* End PBXShellScriptBuildPhase section */

/* Begin PBXSourcesBuildPhase section */
		39EC41D91F9A223300071ED1 /* Sources */ = {
			isa = PBXSourcesBuildPhase;
			buildActionMask = 2147483647;
			files = (
				39F69A261FA72463006426CB /* LoadUsersAction.swift in Sources */,
				6AED34711FAC2ED100CF3B0E /* SignUpAction.swift in Sources */,
				391332ED1FAF1B62000AABFA /* AlertHelper.swift in Sources */,
				6AED34751FAC3EEC00CF3B0E /* SignUpReducer.swift in Sources */,
				39EC41E31F9A223300071ED1 /* SignInViewController.swift in Sources */,
				39F69A121FA6ED1B006426CB /* RoutingReducer.swift in Sources */,
				39D5DC3C1FA804D500BA45C7 /* GoogleSignInSuccess.swift in Sources */,
				6AED346A1FAC255200CF3B0E /* SignUpViewController.swift in Sources */,
				39B6DC5E1FA68CA4005526ED /* Keys.swift in Sources */,
				39F69A1D1FA7194E006426CB /* RoutingAction.swift in Sources */,
				6AED346F1FAC2CD800CF3B0E /* SignUpState.swift in Sources */,
				39F69A0A1FA6E60E006426CB /* AppState.swift in Sources */,
				398259F31F9A3391004ED28B /* Colors.swift in Sources */,
				398259F01F9A3067004ED28B /* SignInTextField.swift in Sources */,
				39D5DC3A1FA7F39A00BA45C7 /* GoogleSignInAction.swift in Sources */,
				39F69A0E1FA6E89F006426CB /* AppRouter.swift in Sources */,
				39D5DC351FA7547100BA45C7 /* SignInState.swift in Sources */,
				39F69A201FA722C2006426CB /* UserSearchState.swift in Sources */,
				39EC41E11F9A223300071ED1 /* AppDelegate.swift in Sources */,
				6A63EA111F9D53A800D2D12E /* UserSearchTableViewController.swift in Sources */,
				39F69A2D1FA7257F006426CB /* ApiClients.swift in Sources */,
				39D5DC3F1FA8067800BA45C7 /* SignInReducer.swift in Sources */,
				39D5DC371FA7567000BA45C7 /* Authentication.swift in Sources */,
				39F69A2B1FA72568006426CB /* UserSearch.swift in Sources */,
				39F69A231FA72327006426CB /* UserSearchReducer.swift in Sources */,
				39F69A0C1FA6E6F9006426CB /* AppReducer.swift in Sources */,
				39F69A281FA724C6006426CB /* FetchUsersAction.swift in Sources */,
				39F69A101FA6E8F3006426CB /* RoutingState.swift in Sources */,
				39EC41E91F9A223300071ED1 /* TheSocialNetwork.xcdatamodeld in Sources */,
			);
			runOnlyForDeploymentPostprocessing = 0;
		};
		39EC41F01F9A223300071ED1 /* Sources */ = {
			isa = PBXSourcesBuildPhase;
			buildActionMask = 2147483647;
			files = (
				39EC41F91F9A223300071ED1 /* TheSocialNetworkTests.swift in Sources */,
			);
			runOnlyForDeploymentPostprocessing = 0;
		};
		39EC41FB1F9A223300071ED1 /* Sources */ = {
			isa = PBXSourcesBuildPhase;
			buildActionMask = 2147483647;
			files = (
				39EC42041F9A223300071ED1 /* TheSocialNetworkUITests.swift in Sources */,
			);
			runOnlyForDeploymentPostprocessing = 0;
		};
/* End PBXSourcesBuildPhase section */

/* Begin PBXTargetDependency section */
		39EC41F61F9A223300071ED1 /* PBXTargetDependency */ = {
			isa = PBXTargetDependency;
			target = 39EC41DC1F9A223300071ED1 /* TheSocialNetwork */;
			targetProxy = 39EC41F51F9A223300071ED1 /* PBXContainerItemProxy */;
		};
		39EC42011F9A223300071ED1 /* PBXTargetDependency */ = {
			isa = PBXTargetDependency;
			target = 39EC41DC1F9A223300071ED1 /* TheSocialNetwork */;
			targetProxy = 39EC42001F9A223300071ED1 /* PBXContainerItemProxy */;
		};
/* End PBXTargetDependency section */

/* Begin PBXVariantGroup section */
		39EC41E41F9A223300071ED1 /* Main.storyboard */ = {
			isa = PBXVariantGroup;
			children = (
				39EC41E51F9A223300071ED1 /* Base */,
			);
			name = Main.storyboard;
			sourceTree = "<group>";
		};
		39EC41EC1F9A223300071ED1 /* LaunchScreen.storyboard */ = {
			isa = PBXVariantGroup;
			children = (
				39EC41ED1F9A223300071ED1 /* Base */,
			);
			name = LaunchScreen.storyboard;
			sourceTree = "<group>";
		};
/* End PBXVariantGroup section */

/* Begin XCBuildConfiguration section */
		39EC42061F9A223300071ED1 /* Debug */ = {
			isa = XCBuildConfiguration;
			buildSettings = {
				ALWAYS_SEARCH_USER_PATHS = NO;
				CLANG_ANALYZER_NONNULL = YES;
				CLANG_ANALYZER_NUMBER_OBJECT_CONVERSION = YES_AGGRESSIVE;
				CLANG_CXX_LANGUAGE_STANDARD = "gnu++14";
				CLANG_CXX_LIBRARY = "libc++";
				CLANG_ENABLE_MODULES = YES;
				CLANG_ENABLE_OBJC_ARC = YES;
				CLANG_WARN_BLOCK_CAPTURE_AUTORELEASING = YES;
				CLANG_WARN_BOOL_CONVERSION = YES;
				CLANG_WARN_COMMA = YES;
				CLANG_WARN_CONSTANT_CONVERSION = YES;
				CLANG_WARN_DIRECT_OBJC_ISA_USAGE = YES_ERROR;
				CLANG_WARN_DOCUMENTATION_COMMENTS = YES;
				CLANG_WARN_EMPTY_BODY = YES;
				CLANG_WARN_ENUM_CONVERSION = YES;
				CLANG_WARN_INFINITE_RECURSION = YES;
				CLANG_WARN_INT_CONVERSION = YES;
				CLANG_WARN_NON_LITERAL_NULL_CONVERSION = YES;
				CLANG_WARN_OBJC_LITERAL_CONVERSION = YES;
				CLANG_WARN_OBJC_ROOT_CLASS = YES_ERROR;
				CLANG_WARN_RANGE_LOOP_ANALYSIS = YES;
				CLANG_WARN_STRICT_PROTOTYPES = YES;
				CLANG_WARN_SUSPICIOUS_MOVE = YES;
				CLANG_WARN_UNGUARDED_AVAILABILITY = YES_AGGRESSIVE;
				CLANG_WARN_UNREACHABLE_CODE = YES;
				CLANG_WARN__DUPLICATE_METHOD_MATCH = YES;
				CODE_SIGN_IDENTITY = "iPhone Developer";
				COPY_PHASE_STRIP = NO;
				DEBUG_INFORMATION_FORMAT = dwarf;
				ENABLE_STRICT_OBJC_MSGSEND = YES;
				ENABLE_TESTABILITY = YES;
				GCC_C_LANGUAGE_STANDARD = gnu11;
				GCC_DYNAMIC_NO_PIC = NO;
				GCC_NO_COMMON_BLOCKS = YES;
				GCC_OPTIMIZATION_LEVEL = 0;
				GCC_PREPROCESSOR_DEFINITIONS = (
					"DEBUG=1",
					"$(inherited)",
				);
				GCC_WARN_64_TO_32_BIT_CONVERSION = YES;
				GCC_WARN_ABOUT_RETURN_TYPE = YES_ERROR;
				GCC_WARN_UNDECLARED_SELECTOR = YES;
				GCC_WARN_UNINITIALIZED_AUTOS = YES_AGGRESSIVE;
				GCC_WARN_UNUSED_FUNCTION = YES;
				GCC_WARN_UNUSED_VARIABLE = YES;
				IPHONEOS_DEPLOYMENT_TARGET = 11.0;
				MTL_ENABLE_DEBUG_INFO = YES;
				ONLY_ACTIVE_ARCH = YES;
				SDKROOT = iphoneos;
				SWIFT_ACTIVE_COMPILATION_CONDITIONS = DEBUG;
				SWIFT_OPTIMIZATION_LEVEL = "-Onone";
			};
			name = Debug;
		};
		39EC42071F9A223300071ED1 /* Release */ = {
			isa = XCBuildConfiguration;
			buildSettings = {
				ALWAYS_SEARCH_USER_PATHS = NO;
				CLANG_ANALYZER_NONNULL = YES;
				CLANG_ANALYZER_NUMBER_OBJECT_CONVERSION = YES_AGGRESSIVE;
				CLANG_CXX_LANGUAGE_STANDARD = "gnu++14";
				CLANG_CXX_LIBRARY = "libc++";
				CLANG_ENABLE_MODULES = YES;
				CLANG_ENABLE_OBJC_ARC = YES;
				CLANG_WARN_BLOCK_CAPTURE_AUTORELEASING = YES;
				CLANG_WARN_BOOL_CONVERSION = YES;
				CLANG_WARN_COMMA = YES;
				CLANG_WARN_CONSTANT_CONVERSION = YES;
				CLANG_WARN_DIRECT_OBJC_ISA_USAGE = YES_ERROR;
				CLANG_WARN_DOCUMENTATION_COMMENTS = YES;
				CLANG_WARN_EMPTY_BODY = YES;
				CLANG_WARN_ENUM_CONVERSION = YES;
				CLANG_WARN_INFINITE_RECURSION = YES;
				CLANG_WARN_INT_CONVERSION = YES;
				CLANG_WARN_NON_LITERAL_NULL_CONVERSION = YES;
				CLANG_WARN_OBJC_LITERAL_CONVERSION = YES;
				CLANG_WARN_OBJC_ROOT_CLASS = YES_ERROR;
				CLANG_WARN_RANGE_LOOP_ANALYSIS = YES;
				CLANG_WARN_STRICT_PROTOTYPES = YES;
				CLANG_WARN_SUSPICIOUS_MOVE = YES;
				CLANG_WARN_UNGUARDED_AVAILABILITY = YES_AGGRESSIVE;
				CLANG_WARN_UNREACHABLE_CODE = YES;
				CLANG_WARN__DUPLICATE_METHOD_MATCH = YES;
				CODE_SIGN_IDENTITY = "iPhone Developer";
				COPY_PHASE_STRIP = NO;
				DEBUG_INFORMATION_FORMAT = "dwarf-with-dsym";
				ENABLE_NS_ASSERTIONS = NO;
				ENABLE_STRICT_OBJC_MSGSEND = YES;
				GCC_C_LANGUAGE_STANDARD = gnu11;
				GCC_NO_COMMON_BLOCKS = YES;
				GCC_WARN_64_TO_32_BIT_CONVERSION = YES;
				GCC_WARN_ABOUT_RETURN_TYPE = YES_ERROR;
				GCC_WARN_UNDECLARED_SELECTOR = YES;
				GCC_WARN_UNINITIALIZED_AUTOS = YES_AGGRESSIVE;
				GCC_WARN_UNUSED_FUNCTION = YES;
				GCC_WARN_UNUSED_VARIABLE = YES;
				IPHONEOS_DEPLOYMENT_TARGET = 11.0;
				MTL_ENABLE_DEBUG_INFO = NO;
				SDKROOT = iphoneos;
				SWIFT_OPTIMIZATION_LEVEL = "-Owholemodule";
				VALIDATE_PRODUCT = YES;
			};
			name = Release;
		};
		39EC42091F9A223300071ED1 /* Debug */ = {
			isa = XCBuildConfiguration;
			baseConfigurationReference = 1A995245EABB95723F7DA30A /* Pods-TheSocialNetwork.debug.xcconfig */;
			buildSettings = {
				ASSETCATALOG_COMPILER_APPICON_NAME = AppIcon;
				CODE_SIGN_STYLE = Automatic;
				FRAMEWORK_SEARCH_PATHS = (
					"$(inherited)",
					"$(PROJECT_DIR)",
				);
				INFOPLIST_FILE = TheSocialNetwork/Info.plist;
				LD_RUNPATH_SEARCH_PATHS = "$(inherited) @executable_path/Frameworks";
				PRODUCT_BUNDLE_IDENTIFIER = com.proatit.TheSocialNetwork;
				PRODUCT_NAME = "$(TARGET_NAME)";
				SWIFT_OBJC_BRIDGING_HEADER = "TheSocialNetwork-Bridging-Header.h";
				SWIFT_SWIFT3_OBJC_INFERENCE = Default;
				SWIFT_VERSION = 4.0;
				TARGETED_DEVICE_FAMILY = "1,2";
			};
			name = Debug;
		};
		39EC420A1F9A223300071ED1 /* Release */ = {
			isa = XCBuildConfiguration;
			baseConfigurationReference = 3DD115965926E021CC16B563 /* Pods-TheSocialNetwork.release.xcconfig */;
			buildSettings = {
				ASSETCATALOG_COMPILER_APPICON_NAME = AppIcon;
				CODE_SIGN_STYLE = Automatic;
				FRAMEWORK_SEARCH_PATHS = (
					"$(inherited)",
					"$(PROJECT_DIR)",
				);
				INFOPLIST_FILE = TheSocialNetwork/Info.plist;
				LD_RUNPATH_SEARCH_PATHS = "$(inherited) @executable_path/Frameworks";
				PRODUCT_BUNDLE_IDENTIFIER = com.proatit.TheSocialNetwork;
				PRODUCT_NAME = "$(TARGET_NAME)";
				SWIFT_OBJC_BRIDGING_HEADER = "TheSocialNetwork-Bridging-Header.h";
				SWIFT_VERSION = 4.0;
				TARGETED_DEVICE_FAMILY = "1,2";
			};
			name = Release;
		};
		39EC420C1F9A223300071ED1 /* Debug */ = {
			isa = XCBuildConfiguration;
			buildSettings = {
				ALWAYS_EMBED_SWIFT_STANDARD_LIBRARIES = YES;
				BUNDLE_LOADER = "$(TEST_HOST)";
				CODE_SIGN_STYLE = Automatic;
				INFOPLIST_FILE = TheSocialNetworkTests/Info.plist;
				LD_RUNPATH_SEARCH_PATHS = "$(inherited) @executable_path/Frameworks @loader_path/Frameworks";
				PRODUCT_BUNDLE_IDENTIFIER = com.proatit.TheSocialNetworkTests;
				PRODUCT_NAME = "$(TARGET_NAME)";
				SWIFT_VERSION = 4.0;
				TARGETED_DEVICE_FAMILY = "1,2";
				TEST_HOST = "$(BUILT_PRODUCTS_DIR)/TheSocialNetwork.app/TheSocialNetwork";
			};
			name = Debug;
		};
		39EC420D1F9A223300071ED1 /* Release */ = {
			isa = XCBuildConfiguration;
			buildSettings = {
				ALWAYS_EMBED_SWIFT_STANDARD_LIBRARIES = YES;
				BUNDLE_LOADER = "$(TEST_HOST)";
				CODE_SIGN_STYLE = Automatic;
				INFOPLIST_FILE = TheSocialNetworkTests/Info.plist;
				LD_RUNPATH_SEARCH_PATHS = "$(inherited) @executable_path/Frameworks @loader_path/Frameworks";
				PRODUCT_BUNDLE_IDENTIFIER = com.proatit.TheSocialNetworkTests;
				PRODUCT_NAME = "$(TARGET_NAME)";
				SWIFT_VERSION = 4.0;
				TARGETED_DEVICE_FAMILY = "1,2";
				TEST_HOST = "$(BUILT_PRODUCTS_DIR)/TheSocialNetwork.app/TheSocialNetwork";
			};
			name = Release;
		};
		39EC420F1F9A223300071ED1 /* Debug */ = {
			isa = XCBuildConfiguration;
			buildSettings = {
				ALWAYS_EMBED_SWIFT_STANDARD_LIBRARIES = YES;
				CODE_SIGN_STYLE = Automatic;
				INFOPLIST_FILE = TheSocialNetworkUITests/Info.plist;
				LD_RUNPATH_SEARCH_PATHS = "$(inherited) @executable_path/Frameworks @loader_path/Frameworks";
				PRODUCT_BUNDLE_IDENTIFIER = com.proatit.TheSocialNetworkUITests;
				PRODUCT_NAME = "$(TARGET_NAME)";
				SWIFT_VERSION = 4.0;
				TARGETED_DEVICE_FAMILY = "1,2";
				TEST_TARGET_NAME = TheSocialNetwork;
			};
			name = Debug;
		};
		39EC42101F9A223300071ED1 /* Release */ = {
			isa = XCBuildConfiguration;
			buildSettings = {
				ALWAYS_EMBED_SWIFT_STANDARD_LIBRARIES = YES;
				CODE_SIGN_STYLE = Automatic;
				INFOPLIST_FILE = TheSocialNetworkUITests/Info.plist;
				LD_RUNPATH_SEARCH_PATHS = "$(inherited) @executable_path/Frameworks @loader_path/Frameworks";
				PRODUCT_BUNDLE_IDENTIFIER = com.proatit.TheSocialNetworkUITests;
				PRODUCT_NAME = "$(TARGET_NAME)";
				SWIFT_VERSION = 4.0;
				TARGETED_DEVICE_FAMILY = "1,2";
				TEST_TARGET_NAME = TheSocialNetwork;
			};
			name = Release;
		};
/* End XCBuildConfiguration section */

/* Begin XCConfigurationList section */
		39EC41D81F9A223300071ED1 /* Build configuration list for PBXProject "TheSocialNetwork" */ = {
			isa = XCConfigurationList;
			buildConfigurations = (
				39EC42061F9A223300071ED1 /* Debug */,
				39EC42071F9A223300071ED1 /* Release */,
			);
			defaultConfigurationIsVisible = 0;
			defaultConfigurationName = Release;
		};
		39EC42081F9A223300071ED1 /* Build configuration list for PBXNativeTarget "TheSocialNetwork" */ = {
			isa = XCConfigurationList;
			buildConfigurations = (
				39EC42091F9A223300071ED1 /* Debug */,
				39EC420A1F9A223300071ED1 /* Release */,
			);
			defaultConfigurationIsVisible = 0;
			defaultConfigurationName = Release;
		};
		39EC420B1F9A223300071ED1 /* Build configuration list for PBXNativeTarget "TheSocialNetworkTests" */ = {
			isa = XCConfigurationList;
			buildConfigurations = (
				39EC420C1F9A223300071ED1 /* Debug */,
				39EC420D1F9A223300071ED1 /* Release */,
			);
			defaultConfigurationIsVisible = 0;
			defaultConfigurationName = Release;
		};
		39EC420E1F9A223300071ED1 /* Build configuration list for PBXNativeTarget "TheSocialNetworkUITests" */ = {
			isa = XCConfigurationList;
			buildConfigurations = (
				39EC420F1F9A223300071ED1 /* Debug */,
				39EC42101F9A223300071ED1 /* Release */,
			);
			defaultConfigurationIsVisible = 0;
			defaultConfigurationName = Release;
		};
/* End XCConfigurationList section */

/* Begin XCVersionGroup section */
		39EC41E71F9A223300071ED1 /* TheSocialNetwork.xcdatamodeld */ = {
			isa = XCVersionGroup;
			children = (
				39EC41E81F9A223300071ED1 /* TheSocialNetwork.xcdatamodel */,
			);
			currentVersion = 39EC41E81F9A223300071ED1 /* TheSocialNetwork.xcdatamodel */;
			path = TheSocialNetwork.xcdatamodeld;
			sourceTree = "<group>";
			versionGroupType = wrapper.xcdatamodel;
		};
/* End XCVersionGroup section */
	};
	rootObject = 39EC41D51F9A223300071ED1 /* Project object */;
}
